
Microsoft Visual Studio Solution File, Format Version 12.00
# Visual Studio Version 17
VisualStudioVersion = 17.9.34701.34
MinimumVisualStudioVersion = 10.0.40219.1
Project("{9A19103F-16F7-4668-BE54-9A1E7A4F7556}") = "AuthServer", "AuthServer\dotnet-8-jwt-refresh-auth-api\AuthServer.csproj", "{8497A2A4-D4D5-4D5F-9CB5-4CF015722402}"
EndProject
Project("{9A19103F-16F7-4668-BE54-9A1E7A4F7556}") = "ApiGateway", "ApiGateway\ApiGateway.csproj", "{C4A4074A-B8C9-4325-8588-8D3590A693BB}"
EndProject
Project("{2150E333-8FDC-42A3-9474-1A3956D46DE8}") = "InternalApi", "InternalApi", "{F81741BB-1FC4-4D95-A25B-1F3156A975CC}"
EndProject
Project("{2150E333-8FDC-42A3-9474-1A3956D46DE8}") = "Endpoints", "Endpoints", "{2DFE388F-D887-4BFA-B7E6-B42EA624CA73}"
EndProject
Project("{2150E333-8FDC-42A3-9474-1A3956D46DE8}") = "TrackingService", "TrackingService", "{1F279103-0441-4A1C-98D4-06B508D2A32E}"
EndProject
Project("{FAE04EC0-301F-11D3-BF4B-00C04F79EFBC}") = "TrackingServiceApp", "TrackingServiceApp\TrackingServiceApp.csproj", "{E472EA6E-4FF8-4548-8928-63C6D57E830A}"
EndProject
Project("{2150E333-8FDC-42A3-9474-1A3956D46DE8}") = "ReportsService", "ReportsService", "{C38BBA88-0188-4AF4-B050-9C31744CCA3B}"
EndProject
Project("{FAE04EC0-301F-11D3-BF4B-00C04F79EFBC}") = "ReportsServiceApp", "ReportsServiceApp\ReportsServiceApp.csproj", "{F8131A0E-0283-41BD-99B0-D09FC4B831BB}"
EndProject
Project("{2150E333-8FDC-42A3-9474-1A3956D46DE8}") = "ReportsWorkerService", "ReportsWorkerService", "{97AD30C9-3ABC-48A7-B27E-C0321A70B762}"
EndProject
Project("{FAE04EC0-301F-11D3-BF4B-00C04F79EFBC}") = "ReportsWorkerServiceApp", "ReportsWorkerServiceApp\ReportsWorkerServiceApp.csproj", "{14B33409-BA0D-465B-A65B-C89F64C27DDF}"
EndProject
Project("{2150E333-8FDC-42A3-9474-1A3956D46DE8}") = "DataGateway", "DataGateway", "{029B1EA7-E6C3-4544-82F1-4B40E60EC89C}"
EndProject
Project("{FAE04EC0-301F-11D3-BF4B-00C04F79EFBC}") = "TrackingLogic", "TrackingLogic\TrackingLogic.csproj", "{08F37DEF-D00C-4309-8A36-653AD39E7B6C}"
EndProject
Project("{FAE04EC0-301F-11D3-BF4B-00C04F79EFBC}") = "ReportsWorkerLogic", "ReportsWorkerLogic\ReportsWorkerLogic.csproj", "{A6EC0F7F-8A1D-441F-9D30-36DA4FF3753F}"
EndProject
Project("{FAE04EC0-301F-11D3-BF4B-00C04F79EFBC}") = "ReportsServiceLogic", "ReportsServiceLogic\ReportsServiceLogic.csproj", "{D2873732-E66A-474F-BC64-7597D716C118}"
EndProject
Global
	GlobalSection(SolutionConfigurationPlatforms) = preSolution
		Debug|Any CPU = Debug|Any CPU
		Release|Any CPU = Release|Any CPU
	EndGlobalSection
	GlobalSection(ProjectConfigurationPlatforms) = postSolution
		{8497A2A4-D4D5-4D5F-9CB5-4CF015722402}.Debug|Any CPU.ActiveCfg = Debug|Any CPU
		{8497A2A4-D4D5-4D5F-9CB5-4CF015722402}.Debug|Any CPU.Build.0 = Debug|Any CPU
		{8497A2A4-D4D5-4D5F-9CB5-4CF015722402}.Release|Any CPU.ActiveCfg = Release|Any CPU
		{8497A2A4-D4D5-4D5F-9CB5-4CF015722402}.Release|Any CPU.Build.0 = Release|Any CPU
		{C4A4074A-B8C9-4325-8588-8D3590A693BB}.Debug|Any CPU.ActiveCfg = Debug|Any CPU
		{C4A4074A-B8C9-4325-8588-8D3590A693BB}.Debug|Any CPU.Build.0 = Debug|Any CPU
		{C4A4074A-B8C9-4325-8588-8D3590A693BB}.Release|Any CPU.ActiveCfg = Release|Any CPU
		{C4A4074A-B8C9-4325-8588-8D3590A693BB}.Release|Any CPU.Build.0 = Release|Any CPU
		{E472EA6E-4FF8-4548-8928-63C6D57E830A}.Debug|Any CPU.ActiveCfg = Debug|Any CPU
		{E472EA6E-4FF8-4548-8928-63C6D57E830A}.Debug|Any CPU.Build.0 = Debug|Any CPU
		{E472EA6E-4FF8-4548-8928-63C6D57E830A}.Release|Any CPU.ActiveCfg = Release|Any CPU
		{E472EA6E-4FF8-4548-8928-63C6D57E830A}.Release|Any CPU.Build.0 = Release|Any CPU
		{F8131A0E-0283-41BD-99B0-D09FC4B831BB}.Debug|Any CPU.ActiveCfg = Debug|Any CPU
		{F8131A0E-0283-41BD-99B0-D09FC4B831BB}.Debug|Any CPU.Build.0 = Debug|Any CPU
		{F8131A0E-0283-41BD-99B0-D09FC4B831BB}.Release|Any CPU.ActiveCfg = Release|Any CPU
		{F8131A0E-0283-41BD-99B0-D09FC4B831BB}.Release|Any CPU.Build.0 = Release|Any CPU
		{14B33409-BA0D-465B-A65B-C89F64C27DDF}.Debug|Any CPU.ActiveCfg = Debug|Any CPU
		{14B33409-BA0D-465B-A65B-C89F64C27DDF}.Debug|Any CPU.Build.0 = Debug|Any CPU
		{14B33409-BA0D-465B-A65B-C89F64C27DDF}.Release|Any CPU.ActiveCfg = Release|Any CPU
		{14B33409-BA0D-465B-A65B-C89F64C27DDF}.Release|Any CPU.Build.0 = Release|Any CPU
		{08F37DEF-D00C-4309-8A36-653AD39E7B6C}.Debug|Any CPU.ActiveCfg = Debug|Any CPU
		{08F37DEF-D00C-4309-8A36-653AD39E7B6C}.Debug|Any CPU.Build.0 = Debug|Any CPU
		{08F37DEF-D00C-4309-8A36-653AD39E7B6C}.Release|Any CPU.ActiveCfg = Release|Any CPU
		{08F37DEF-D00C-4309-8A36-653AD39E7B6C}.Release|Any CPU.Build.0 = Release|Any CPU
		{A6EC0F7F-8A1D-441F-9D30-36DA4FF3753F}.Debug|Any CPU.ActiveCfg = Debug|Any CPU
		{A6EC0F7F-8A1D-441F-9D30-36DA4FF3753F}.Debug|Any CPU.Build.0 = Debug|Any CPU
		{A6EC0F7F-8A1D-441F-9D30-36DA4FF3753F}.Release|Any CPU.ActiveCfg = Release|Any CPU
		{A6EC0F7F-8A1D-441F-9D30-36DA4FF3753F}.Release|Any CPU.Build.0 = Release|Any CPU
		{D2873732-E66A-474F-BC64-7597D716C118}.Debug|Any CPU.ActiveCfg = Debug|Any CPU
		{D2873732-E66A-474F-BC64-7597D716C118}.Debug|Any CPU.Build.0 = Debug|Any CPU
		{D2873732-E66A-474F-BC64-7597D716C118}.Release|Any CPU.ActiveCfg = Release|Any CPU
		{D2873732-E66A-474F-BC64-7597D716C118}.Release|Any CPU.Build.0 = Release|Any CPU
	EndGlobalSection
	GlobalSection(SolutionProperties) = preSolution
		HideSolutionNode = FALSE
	EndGlobalSection
	GlobalSection(NestedProjects) = preSolution
		{2DFE388F-D887-4BFA-B7E6-B42EA624CA73} = {F81741BB-1FC4-4D95-A25B-1F3156A975CC}
		{1F279103-0441-4A1C-98D4-06B508D2A32E} = {2DFE388F-D887-4BFA-B7E6-B42EA624CA73}
		{E472EA6E-4FF8-4548-8928-63C6D57E830A} = {1F279103-0441-4A1C-98D4-06B508D2A32E}
		{C38BBA88-0188-4AF4-B050-9C31744CCA3B} = {2DFE388F-D887-4BFA-B7E6-B42EA624CA73}
		{F8131A0E-0283-41BD-99B0-D09FC4B831BB} = {C38BBA88-0188-4AF4-B050-9C31744CCA3B}
		{97AD30C9-3ABC-48A7-B27E-C0321A70B762} = {2DFE388F-D887-4BFA-B7E6-B42EA624CA73}
		{14B33409-BA0D-465B-A65B-C89F64C27DDF} = {97AD30C9-3ABC-48A7-B27E-C0321A70B762}
		{029B1EA7-E6C3-4544-82F1-4B40E60EC89C} = {2DFE388F-D887-4BFA-B7E6-B42EA624CA73}
		{08F37DEF-D00C-4309-8A36-653AD39E7B6C} = {1F279103-0441-4A1C-98D4-06B508D2A32E}
		{A6EC0F7F-8A1D-441F-9D30-36DA4FF3753F} = {97AD30C9-3ABC-48A7-B27E-C0321A70B762}
		{D2873732-E66A-474F-BC64-7597D716C118} = {C38BBA88-0188-4AF4-B050-9C31744CCA3B}
	EndGlobalSection
	GlobalSection(ExtensibilityGlobals) = postSolution
		SolutionGuid = {D6E06BAD-8BBC-4BF7-9C08-095663256D62}
	EndGlobalSection
EndGlobal
